
Microsoft Visual Studio Solution File, Format Version 12.00
# Visual Studio 15
VisualStudioVersion = 15.0.26430.16
MinimumVisualStudioVersion = 10.0.40219.1
Project("{FAE04EC0-301F-11D3-BF4B-00C04F79EFBC}") = "FYPUrduCompiler", "FYPUrduCompiler\FYPUrduCompiler.csproj", "{7CD10E1A-6DC4-4CF3-8FD5-D61572B12CD7}"
EndProject
Global
	GlobalSection(SolutionConfigurationPlatforms) = preSolution
		Debug|Any CPU = Debug|Any CPU
		Release|Any CPU = Release|Any CPU
	EndGlobalSection
	GlobalSection(ProjectConfigurationPlatforms) = postSolution
		{7CD10E1A-6DC4-4CF3-8FD5-D61572B12CD7}.Debug|Any CPU.ActiveCfg = Debug|Any CPU
		{7CD10E1A-6DC4-4CF3-8FD5-D61572B12CD7}.Debug|Any CPU.Build.0 = Debug|Any CPU
		{7CD10E1A-6DC4-4CF3-8FD5-D61572B12CD7}.Release|Any CPU.ActiveCfg = Release|Any CPU
		{7CD10E1A-6DC4-4CF3-8FD5-D61572B12CD7}.Release|Any CPU.Build.0 = Release|Any CPU
	EndGlobalSection
	GlobalSection(SolutionProperties) = preSolution
		HideSolutionNode = FALSE
	EndGlobalSection
EndGlobal
